{
  "nodes": {
    "logos-lidl": {
      "inputs": {
        "logos-nix": [
          "logos-nix"
        ],
        "nixpkgs": [
          "logos-lidl",
          "logos-nix",
          "nixpkgs"
        ]
      },
      "locked": {
        "lastModified": 1788811494,
        "narHash": "sha256-YlAyFHHTu7TTQWqL8f1ouGejwbwokmIixiXNisiyTFs=",
        "owner": "logos-co",
        "repo": "logos-lidl",
        "rev": "c0d9f9c9711cdf6fab194324bbd486e76ce711cd",
        "type": "github"
      },
      "original": {
        "owner": "logos-co",
        "repo": "logos-lidl",
        "type": "github"
      }
    },
    "logos-module": {
      "inputs": {
        "logos-nix": "logos-nix",
        "nixpkgs": [
          "logos-module",
          "logos-nix",
          "nixpkgs"
        ]
      },
      "locked": {
        "lastModified": 1786415910,
        "narHash": "sha256-7zcTkY6r0iXXaFnZaWKNBMHh53RkQh2P455421TX7Gk=",
        "owner": "logos-co",
        "repo": "logos-module",
        "rev": "9812dc8c69cfbfed3eea06510a5c1ff33c1fcf7f",
        "type": "github"
      },
      "original": {
        "owner": "logos-co",
        "repo": "logos-module",
        "type": "github"
      }
    },
    "logos-nix": {
      "inputs": {
        "nixpkgs": "nixpkgs",
        "nixpkgs-windows": "nixpkgs-windows"
      },
      "locked": {
        "lastModified": 1786399295,
        "narHash": "sha256-Bl1A0UgsIXioZw5uEW8Jl5u7FfZcFMnpYlpsdezFwK0=",
        "owner": "logos-co",
        "repo": "logos-nix",
        "rev": "6e0f4a7120fced10829b0b3a698ff619a11d4605",
        "type": "github"
      },
      "original": {
        "owner": "logos-co",
        "repo": "logos-nix",
        "type": "github"
      }
    },
    "logos-nix_2": {
      "inputs": {
        "nixpkgs": "nixpkgs_2",
        "nixpkgs-windows": "nixpkgs-windows_2"
      },
      "locked": {
        "lastModified": 1786399295,
        "narHash": "sha256-Bl1A0UgsIXioZw5uEW8Jl5u7FfZcFMnpYlpsdezFwK0=",
        "owner": "logos-co",
        "repo": "logos-nix",
        "rev": "6e0f4a7120fced10829b0b3a698ff619a11d4605",
        "type": "github"
      },
      "original": {
        "owner": "logos-co",
        "repo": "logos-nix",
        "type": "github"
      }
    },
    "logos-protocol": {
      "inputs": {
        "logos-nix": [
          "logos-nix"
        ],
        "nixpkgs": [
          "logos-protocol",
          "logos-nix",
          "nixpkgs"
        ]
      },
      "locked": {
        "lastModified": 1788870198,
        "narHash": "sha256-VNpIg41IEeJZQkTHFld83DOViSs33vrfE6a8P79YsKU=",
        "owner": "logos-co",
        "repo": "logos-protocol",
        "rev": "463863446894764e21dafee34268cbfc1048c64b",
        "type": "github"
      },
      "original": {
        "owner": "logos-co",
        "repo": "logos-protocol",
        "type": "github"
      }
    },
    "nixpkgs": {
      "locked": {
        "lastModified": 1759036355,
        "narHash": "sha256-0m27AKv6ka+q270dw48KflE0LwQYrO7Fm4/2//KCVWg=",
        "owner": "NixOS",
        "repo": "nixpkgs",
        "rev": "e9f00bd893984bc8ce46c895c3bf7cac95331127",
        "type": "github"
      },
      "original": {
        "owner": "NixOS",
        "ref": "nixos-unstable",
        "repo": "nixpkgs",
        "type": "github"
      }
    },
    "nixpkgs-windows": {
      "locked": {
        "lastModified": 1782723713,
        "narHash": "sha256-oPXCU/SSUokcGaJREHibG1CBX3+s/W7orDWQOZDsEeQ=",
        "owner": "NixOS",
        "repo": "nixpkgs",
        "rev": "b5aa0fbd538984f6e3d201be0005b4463d8b09f8",
        "type": "github"
      },
      "original": {
        "owner": "NixOS",
        "repo": "nixpkgs",
        "rev": "b5aa0fbd538984f6e3d201be0005b4463d8b09f8",
        "type": "github"
      }
    },
    "nixpkgs-windows_2": {
      "locked": {
        "lastModified": 1782723713,
        "narHash": "sha256-oPXCU/SSUokcGaJREHibG1CBX3+s/W7orDWQOZDsEeQ=",
        "owner": "NixOS",
        "repo": "nixpkgs",
        "rev": "b5aa0fbd538984f6e3d201be0005b4463d8b09f8",
        "type": "github"
      },
      "original": {
        "owner": "NixOS",
        "repo": "nixpkgs",
        "rev": "b5aa0fbd538984f6e3d201be0005b4463d8b09f8",
        "type": "github"
      }
    },
    "nixpkgs_2": {
      "locked": {
        "lastModified": 1759036355,
        "narHash": "sha256-0m27AKv6ka+q270dw48KflE0LwQYrO7Fm4/2//KCVWg=",
        "owner": "NixOS",
        "repo": "nixpkgs",
        "rev": "e9f00bd893984bc8ce46c895c3bf7cac95331127",
        "type": "github"
      },
      "original": {
        "owner": "NixOS",
        "ref": "nixos-unstable",
        "repo": "nixpkgs",
        "type": "github"
      }
    },
    "root": {
      "inputs": {
        "logos-lidl": "logos-lidl",
        "logos-module": "logos-module",
        "logos-nix": "logos-nix_2",
        "logos-protocol": "logos-protocol",
        "nixpkgs": [
          "logos-nix",
          "nixpkgs"
        ]
      }
    }
  },
  "root": "root",
  "version": 7
}
